
Microsoft Visual Studio Solution File, Format Version 12.00
# Visual Studio 15
VisualStudioVersion = 15.0.26730.12
MinimumVisualStudioVersion = 10.0.40219.1
Project("{2150E333-8FDC-42A3-9474-1A3956D46DE8}") = "A_Common", "A_Common", "{3926D1A2-48C7-4B15-9423-2D040D08E7DC}"
EndProject
Project("{9A19103F-16F7-4668-BE54-9A1E7A4F7556}") = "ESFramework", "ESFramework\ESFramework.csproj", "{FEA920A9-3032-4DA2-83DB-21E3FBD50F4D}"
EndProject
Project("{2150E333-8FDC-42A3-9474-1A3956D46DE8}") = "B_Data", "B_Data", "{800BC742-EB50-4D2B-BDD1-CB16D2776069}"
EndProject
Project("{9A19103F-16F7-4668-BE54-9A1E7A4F7556}") = "EsBusiness", "EsBusiness\EsBusiness.csproj", "{BAF8251A-C59D-43B7-9488-418E00CA7B6E}"
EndProject
Project("{9A19103F-16F7-4668-BE54-9A1E7A4F7556}") = "Test", "Test\Test.csproj", "{C28B50AA-C45F-4D3F-9739-356F3E0F9F88}"
EndProject
Project("{9A19103F-16F7-4668-BE54-9A1E7A4F7556}") = "EsEntity", "EsModel\EsEntity.csproj", "{40F8170E-B8AA-4EE3-86FF-7E462909D470}"
EndProject
Project("{2150E333-8FDC-42A3-9474-1A3956D46DE8}") = "Configuration", "Configuration", "{A0C257AB-7AAB-496A-A960-BF3B11B436AE}"
	ProjectSection(SolutionItems) = preProject
		config.json = config.json
	EndProjectSection
EndProject
Project("{9A19103F-16F7-4668-BE54-9A1E7A4F7556}") = "EsEnum", "EsEnum\EsEnum.csproj", "{2034DE57-6FEA-4D2F-AF3D-F58BCC585242}"
EndProject
Project("{2150E333-8FDC-42A3-9474-1A3956D46DE8}") = "A1_Cache", "A1_Cache", "{16E61972-6075-4D95-85C8-B637B7AB8962}"
EndProject
Project("{9A19103F-16F7-4668-BE54-9A1E7A4F7556}") = "ESRedisCache", "ESRedisCache\ESRedisCache.csproj", "{22B6395D-345B-4A1E-87E6-5B351CACAA00}"
EndProject
Project("{2150E333-8FDC-42A3-9474-1A3956D46DE8}") = "D_Grpc", "D_Grpc", "{3CB87257-1CAA-450B-9D51-972BF4F9DC59}"
EndProject
Project("{FAE04EC0-301F-11D3-BF4B-00C04F79EFBC}") = "GrpcBuild", "GrpcBuild\GrpcBuild.csproj", "{29BFD6FD-9883-4F8D-860D-FA22D747DF76}"
EndProject
Project("{9A19103F-16F7-4668-BE54-9A1E7A4F7556}") = "IESBusinessContract", "IESBusinessContract\IESBusinessContract.csproj", "{FFFB4D5D-6CD6-46FE-95F0-07A0A01307B9}"
EndProject
Project("{9A19103F-16F7-4668-BE54-9A1E7A4F7556}") = "Interceptors", "Interceptors\Interceptors.csproj", "{94A4E7E5-BD51-4368-8485-9B23ABA006C7}"
EndProject
Project("{FAE04EC0-301F-11D3-BF4B-00C04F79EFBC}") = "ESCaching", "ESCaching\ESCaching.csproj", "{EF8C7B54-7297-4B0F-B853-62D53CE27DC5}"
EndProject
Project("{9A19103F-16F7-4668-BE54-9A1E7A4F7556}") = "GrpcService", "GrpcService\GrpcService.csproj", "{4344DAA7-D0EE-428C-A155-09AA612EC0F2}"
EndProject
Project("{9A19103F-16F7-4668-BE54-9A1E7A4F7556}") = "ESDTOs", "ESDTOs\ESDTOs.csproj", "{676CCAC1-AFF5-4DC1-A9DC-BE41BA4FB2B6}"
EndProject
Project("{FAE04EC0-301F-11D3-BF4B-00C04F79EFBC}") = "ZZZTTTT", "ZZZTTTT\ZZZTTTT.csproj", "{30455F88-6727-47D3-AF2A-DF4C18769FD7}"
EndProject
Project("{9A19103F-16F7-4668-BE54-9A1E7A4F7556}") = "ESMemoryCache", "MemoryCache\ESMemoryCache.csproj", "{FBAC7C49-49CF-404C-A7B9-64A90A1A595D}"
EndProject
Project("{2150E333-8FDC-42A3-9474-1A3956D46DE8}") = "E_Service", "E_Service", "{4A241011-D106-4492-A945-A1FDC28C9BDB}"
EndProject
Project("{FAE04EC0-301F-11D3-BF4B-00C04F79EFBC}") = "CRDConsumerService", "CRDConsumerService\CRDConsumerService.csproj", "{8C26B122-2F81-42A8-B5D4-A397FF600EE0}"
EndProject
Global
	GlobalSection(SolutionConfigurationPlatforms) = preSolution
		Debug|Any CPU = Debug|Any CPU
		Release|Any CPU = Release|Any CPU
	EndGlobalSection
	GlobalSection(ProjectConfigurationPlatforms) = postSolution
		{FEA920A9-3032-4DA2-83DB-21E3FBD50F4D}.Debug|Any CPU.ActiveCfg = Debug|Any CPU
		{FEA920A9-3032-4DA2-83DB-21E3FBD50F4D}.Debug|Any CPU.Build.0 = Debug|Any CPU
		{FEA920A9-3032-4DA2-83DB-21E3FBD50F4D}.Release|Any CPU.ActiveCfg = Release|Any CPU
		{FEA920A9-3032-4DA2-83DB-21E3FBD50F4D}.Release|Any CPU.Build.0 = Release|Any CPU
		{BAF8251A-C59D-43B7-9488-418E00CA7B6E}.Debug|Any CPU.ActiveCfg = Debug|Any CPU
		{BAF8251A-C59D-43B7-9488-418E00CA7B6E}.Debug|Any CPU.Build.0 = Debug|Any CPU
		{BAF8251A-C59D-43B7-9488-418E00CA7B6E}.Release|Any CPU.ActiveCfg = Release|Any CPU
		{BAF8251A-C59D-43B7-9488-418E00CA7B6E}.Release|Any CPU.Build.0 = Release|Any CPU
		{C28B50AA-C45F-4D3F-9739-356F3E0F9F88}.Debug|Any CPU.ActiveCfg = Debug|Any CPU
		{C28B50AA-C45F-4D3F-9739-356F3E0F9F88}.Debug|Any CPU.Build.0 = Debug|Any CPU
		{C28B50AA-C45F-4D3F-9739-356F3E0F9F88}.Release|Any CPU.ActiveCfg = Release|Any CPU
		{C28B50AA-C45F-4D3F-9739-356F3E0F9F88}.Release|Any CPU.Build.0 = Release|Any CPU
		{40F8170E-B8AA-4EE3-86FF-7E462909D470}.Debug|Any CPU.ActiveCfg = Debug|Any CPU
		{40F8170E-B8AA-4EE3-86FF-7E462909D470}.Debug|Any CPU.Build.0 = Debug|Any CPU
		{40F8170E-B8AA-4EE3-86FF-7E462909D470}.Release|Any CPU.ActiveCfg = Release|Any CPU
		{40F8170E-B8AA-4EE3-86FF-7E462909D470}.Release|Any CPU.Build.0 = Release|Any CPU
		{2034DE57-6FEA-4D2F-AF3D-F58BCC585242}.Debug|Any CPU.ActiveCfg = Debug|Any CPU
		{2034DE57-6FEA-4D2F-AF3D-F58BCC585242}.Debug|Any CPU.Build.0 = Debug|Any CPU
		{2034DE57-6FEA-4D2F-AF3D-F58BCC585242}.Release|Any CPU.ActiveCfg = Release|Any CPU
		{2034DE57-6FEA-4D2F-AF3D-F58BCC585242}.Release|Any CPU.Build.0 = Release|Any CPU
		{22B6395D-345B-4A1E-87E6-5B351CACAA00}.Debug|Any CPU.ActiveCfg = Debug|Any CPU
		{22B6395D-345B-4A1E-87E6-5B351CACAA00}.Debug|Any CPU.Build.0 = Debug|Any CPU
		{22B6395D-345B-4A1E-87E6-5B351CACAA00}.Release|Any CPU.ActiveCfg = Release|Any CPU
		{22B6395D-345B-4A1E-87E6-5B351CACAA00}.Release|Any CPU.Build.0 = Release|Any CPU
		{29BFD6FD-9883-4F8D-860D-FA22D747DF76}.Debug|Any CPU.ActiveCfg = Debug|Any CPU
		{29BFD6FD-9883-4F8D-860D-FA22D747DF76}.Debug|Any CPU.Build.0 = Debug|Any CPU
		{29BFD6FD-9883-4F8D-860D-FA22D747DF76}.Release|Any CPU.ActiveCfg = Release|Any CPU
		{29BFD6FD-9883-4F8D-860D-FA22D747DF76}.Release|Any CPU.Build.0 = Release|Any CPU
		{FFFB4D5D-6CD6-46FE-95F0-07A0A01307B9}.Debug|Any CPU.ActiveCfg = Debug|Any CPU
		{FFFB4D5D-6CD6-46FE-95F0-07A0A01307B9}.Debug|Any CPU.Build.0 = Debug|Any CPU
		{FFFB4D5D-6CD6-46FE-95F0-07A0A01307B9}.Release|Any CPU.ActiveCfg = Release|Any CPU
		{FFFB4D5D-6CD6-46FE-95F0-07A0A01307B9}.Release|Any CPU.Build.0 = Release|Any CPU
		{94A4E7E5-BD51-4368-8485-9B23ABA006C7}.Debug|Any CPU.ActiveCfg = Debug|Any CPU
		{94A4E7E5-BD51-4368-8485-9B23ABA006C7}.Debug|Any CPU.Build.0 = Debug|Any CPU
		{94A4E7E5-BD51-4368-8485-9B23ABA006C7}.Release|Any CPU.ActiveCfg = Release|Any CPU
		{94A4E7E5-BD51-4368-8485-9B23ABA006C7}.Release|Any CPU.Build.0 = Release|Any CPU
		{EF8C7B54-7297-4B0F-B853-62D53CE27DC5}.Debug|Any CPU.ActiveCfg = Debug|Any CPU
		{EF8C7B54-7297-4B0F-B853-62D53CE27DC5}.Debug|Any CPU.Build.0 = Debug|Any CPU
		{EF8C7B54-7297-4B0F-B853-62D53CE27DC5}.Release|Any CPU.ActiveCfg = Release|Any CPU
		{EF8C7B54-7297-4B0F-B853-62D53CE27DC5}.Release|Any CPU.Build.0 = Release|Any CPU
		{4344DAA7-D0EE-428C-A155-09AA612EC0F2}.Debug|Any CPU.ActiveCfg = Debug|Any CPU
		{4344DAA7-D0EE-428C-A155-09AA612EC0F2}.Debug|Any CPU.Build.0 = Debug|Any CPU
		{4344DAA7-D0EE-428C-A155-09AA612EC0F2}.Release|Any CPU.ActiveCfg = Release|Any CPU
		{4344DAA7-D0EE-428C-A155-09AA612EC0F2}.Release|Any CPU.Build.0 = Release|Any CPU
		{676CCAC1-AFF5-4DC1-A9DC-BE41BA4FB2B6}.Debug|Any CPU.ActiveCfg = Debug|Any CPU
		{676CCAC1-AFF5-4DC1-A9DC-BE41BA4FB2B6}.Debug|Any CPU.Build.0 = Debug|Any CPU
		{676CCAC1-AFF5-4DC1-A9DC-BE41BA4FB2B6}.Release|Any CPU.ActiveCfg = Release|Any CPU
		{676CCAC1-AFF5-4DC1-A9DC-BE41BA4FB2B6}.Release|Any CPU.Build.0 = Release|Any CPU
		{30455F88-6727-47D3-AF2A-DF4C18769FD7}.Debug|Any CPU.ActiveCfg = Debug|Any CPU
		{30455F88-6727-47D3-AF2A-DF4C18769FD7}.Debug|Any CPU.Build.0 = Debug|Any CPU
		{30455F88-6727-47D3-AF2A-DF4C18769FD7}.Release|Any CPU.ActiveCfg = Release|Any CPU
		{30455F88-6727-47D3-AF2A-DF4C18769FD7}.Release|Any CPU.Build.0 = Release|Any CPU
		{FBAC7C49-49CF-404C-A7B9-64A90A1A595D}.Debug|Any CPU.ActiveCfg = Debug|Any CPU
		{FBAC7C49-49CF-404C-A7B9-64A90A1A595D}.Debug|Any CPU.Build.0 = Debug|Any CPU
		{FBAC7C49-49CF-404C-A7B9-64A90A1A595D}.Release|Any CPU.ActiveCfg = Release|Any CPU
		{FBAC7C49-49CF-404C-A7B9-64A90A1A595D}.Release|Any CPU.Build.0 = Release|Any CPU
		{8C26B122-2F81-42A8-B5D4-A397FF600EE0}.Debug|Any CPU.ActiveCfg = Debug|Any CPU
		{8C26B122-2F81-42A8-B5D4-A397FF600EE0}.Debug|Any CPU.Build.0 = Debug|Any CPU
		{8C26B122-2F81-42A8-B5D4-A397FF600EE0}.Release|Any CPU.ActiveCfg = Release|Any CPU
		{8C26B122-2F81-42A8-B5D4-A397FF600EE0}.Release|Any CPU.Build.0 = Release|Any CPU
	EndGlobalSection
	GlobalSection(SolutionProperties) = preSolution
		HideSolutionNode = FALSE
	EndGlobalSection
	GlobalSection(NestedProjects) = preSolution
		{FEA920A9-3032-4DA2-83DB-21E3FBD50F4D} = {3926D1A2-48C7-4B15-9423-2D040D08E7DC}
		{BAF8251A-C59D-43B7-9488-418E00CA7B6E} = {800BC742-EB50-4D2B-BDD1-CB16D2776069}
		{40F8170E-B8AA-4EE3-86FF-7E462909D470} = {800BC742-EB50-4D2B-BDD1-CB16D2776069}
		{A0C257AB-7AAB-496A-A960-BF3B11B436AE} = {3926D1A2-48C7-4B15-9423-2D040D08E7DC}
		{2034DE57-6FEA-4D2F-AF3D-F58BCC585242} = {800BC742-EB50-4D2B-BDD1-CB16D2776069}
		{22B6395D-345B-4A1E-87E6-5B351CACAA00} = {16E61972-6075-4D95-85C8-B637B7AB8962}
		{29BFD6FD-9883-4F8D-860D-FA22D747DF76} = {3CB87257-1CAA-450B-9D51-972BF4F9DC59}
		{FFFB4D5D-6CD6-46FE-95F0-07A0A01307B9} = {800BC742-EB50-4D2B-BDD1-CB16D2776069}
		{94A4E7E5-BD51-4368-8485-9B23ABA006C7} = {800BC742-EB50-4D2B-BDD1-CB16D2776069}
		{EF8C7B54-7297-4B0F-B853-62D53CE27DC5} = {16E61972-6075-4D95-85C8-B637B7AB8962}
		{4344DAA7-D0EE-428C-A155-09AA612EC0F2} = {3CB87257-1CAA-450B-9D51-972BF4F9DC59}
		{676CCAC1-AFF5-4DC1-A9DC-BE41BA4FB2B6} = {3CB87257-1CAA-450B-9D51-972BF4F9DC59}
		{FBAC7C49-49CF-404C-A7B9-64A90A1A595D} = {16E61972-6075-4D95-85C8-B637B7AB8962}
		{8C26B122-2F81-42A8-B5D4-A397FF600EE0} = {4A241011-D106-4492-A945-A1FDC28C9BDB}
	EndGlobalSection
	GlobalSection(ExtensibilityGlobals) = postSolution
		SolutionGuid = {31BE1116-F180-4CF8-B422-C910D1761897}
	EndGlobalSection
EndGlobal
